
Microsoft Visual Studio Solution File, Format Version 12.00
# Visual Studio 15
VisualStudioVersion = 15.0.28307.902
MinimumVisualStudioVersion = 10.0.40219.1
Project("{FAE04EC0-301F-11D3-BF4B-00C04F79EFBC}") = "Digi21.DigiNG.IO.Shp", "Digi21.DigiNG.IO.Shp\Digi21.DigiNG.IO.Shp.csproj", "{F81F98E2-10B9-48B5-B5D4-3B4B01462F07}"
EndProject
Global
	GlobalSection(SolutionConfigurationPlatforms) = preSolution
		Debug|Any CPU = Debug|Any CPU
		Release|Any CPU = Release|Any CPU
	EndGlobalSection
	GlobalSection(ProjectConfigurationPlatforms) = postSolution
		{F81F98E2-10B9-48B5-B5D4-3B4B01462F07}.Debug|Any CPU.ActiveCfg = Debug|Any CPU
		{F81F98E2-10B9-48B5-B5D4-3B4B01462F07}.Debug|Any CPU.Build.0 = Debug|Any CPU
		{F81F98E2-10B9-48B5-B5D4-3B4B01462F07}.Release|Any CPU.ActiveCfg = Release|Any CPU
		{F81F98E2-10B9-48B5-B5D4-3B4B01462F07}.Release|Any CPU.Build.0 = Release|Any CPU
	EndGlobalSection
	GlobalSection(SolutionProperties) = preSolution
		HideSolutionNode = FALSE
	EndGlobalSection
	GlobalSection(ExtensibilityGlobals) = postSolution
		SolutionGuid = {6E4E9E0D-C40D-4BE0-95CC-0CB2E0D5C6A8}
	EndGlobalSection
EndGlobal
